
Microsoft Visual Studio Solution File, Format Version 12.00
# Visual Studio Version 16
VisualStudioVersion = 16.0.31205.134
MinimumVisualStudioVersion = 10.0.40219.1
Project("{9A19103F-16F7-4668-BE54-9A1E7A4F7556}") = "AnkaKafe.UI", "AnkaKafe.UI\AnkaKafe.UI.csproj", "{8EAB25A3-88AF-40FD-A8B0-DE12AC7EE13F}"
EndProject
Project("{9A19103F-16F7-4668-BE54-9A1E7A4F7556}") = "AnkaKafe.Data", "AnkaKafe.Data\AnkaKafe.Data.csproj", "{EB52EFC8-7FF1-41CD-84D6-6776FB797CBC}"
EndProject
Global
	GlobalSection(SolutionConfigurationPlatforms) = preSolution
		Debug|Any CPU = Debug|Any CPU
		Release|Any CPU = Release|Any CPU
	EndGlobalSection
	GlobalSection(ProjectConfigurationPlatforms) = postSolution
		{8EAB25A3-88AF-40FD-A8B0-DE12AC7EE13F}.Debug|Any CPU.ActiveCfg = Debug|Any CPU
		{8EAB25A3-88AF-40FD-A8B0-DE12AC7EE13F}.Debug|Any CPU.Build.0 = Debug|Any CPU
		{8EAB25A3-88AF-40FD-A8B0-DE12AC7EE13F}.Release|Any CPU.ActiveCfg = Release|Any CPU
		{8EAB25A3-88AF-40FD-A8B0-DE12AC7EE13F}.Release|Any CPU.Build.0 = Release|Any CPU
		{EB52EFC8-7FF1-41CD-84D6-6776FB797CBC}.Debug|Any CPU.ActiveCfg = Debug|Any CPU
		{EB52EFC8-7FF1-41CD-84D6-6776FB797CBC}.Debug|Any CPU.Build.0 = Debug|Any CPU
		{EB52EFC8-7FF1-41CD-84D6-6776FB797CBC}.Release|Any CPU.ActiveCfg = Release|Any CPU
		{EB52EFC8-7FF1-41CD-84D6-6776FB797CBC}.Release|Any CPU.Build.0 = Release|Any CPU
	EndGlobalSection
	GlobalSection(SolutionProperties) = preSolution
		HideSolutionNode = FALSE
	EndGlobalSection
	GlobalSection(ExtensibilityGlobals) = postSolution
		SolutionGuid = {BFE4120F-C626-4228-A27B-106F02DEE124}
	EndGlobalSection
EndGlobal
